{
  "name": "javascript",
  "version": "1.0.0",
  "lockfileVersion": 2,
  "requires": true,
  "packages": {
    "": {
      "name": "javascript",
      "version": "1.0.0",
      "license": "ISC",
      "dependencies": {
        "request-progress": "^3.0.0"
      }
    },
    "node_modules/request-progress": {
      "version": "3.0.0",
      "resolved": "https://registry.npmjs.org/request-progress/-/request-progress-3.0.0.tgz",
      "integrity": "sha512-MnWzEHHaxHO2iWiQuHrUPBi/1WeBf5PkxQqNyNvLl9VAYSdXkP8tQ3pBSeCPD+yw0v0Aq1zosWLz0BdeXpWwZg==",
      "dependencies": {
        "throttleit": "^1.0.0"
      }
    },
    "node_modules/throttleit": {
      "version": "1.0.0",
      "resolved": "https://registry.npmjs.org/throttleit/-/throttleit-1.0.0.tgz",
      "integrity": "sha512-rkTVqu6IjfQ/6+uNuuc3sZek4CEYxTJom3IktzgdSxcZqdARuebbA/f4QmAxMQIxqq9ZLEUkSYqvuk1I6VKq4g=="
    }
  },
  "dependencies": {
    "request-progress": {
      "version": "3.0.0",
      "resolved": "https://registry.npmjs.org/request-progress/-/request-progress-3.0.0.tgz",
      "integrity": "sha512-MnWzEHHaxHO2iWiQuHrUPBi/1WeBf5PkxQqNyNvLl9VAYSdXkP8tQ3pBSeCPD+yw0v0Aq1zosWLz0BdeXpWwZg==",
      "requires": {
        "throttleit": "^1.0.0"
      }
    },
    "throttleit": {
      "version": "1.0.0",
      "resolved": "https://registry.npmjs.org/throttleit/-/throttleit-1.0.0.tgz",
      "integrity": "sha512-rkTVqu6IjfQ/6+uNuuc3sZek4CEYxTJom3IktzgdSxcZqdARuebbA/f4QmAxMQIxqq9ZLEUkSYqvuk1I6VKq4g=="
    }
  }
}
